
Microsoft Visual Studio Solution File, Format Version 12.00
# Visual Studio 14
VisualStudioVersion = 14.0.22310.1
MinimumVisualStudioVersion = 10.0.40219.1
Project("{FAE04EC0-301F-11D3-BF4B-00C04F79EFBC}") = "Minq", "Minq\Minq.csproj", "{27AC3952-1D8A-420D-AE23-CC49A39B83F8}"
EndProject
Project("{FAE04EC0-301F-11D3-BF4B-00C04F79EFBC}") = "Minq.Tests", "Minq.Tests\Minq.Tests.csproj", "{96CF3D37-34F1-4862-9D16-E3D0E0440EF1}"
EndProject
Project("{FAE04EC0-301F-11D3-BF4B-00C04F79EFBC}") = "Minq.Mocks", "Minq.Mocks\Minq.Mocks.csproj", "{E2B8E03C-CFD9-4D10-B4EE-DC88EA845C7D}"
EndProject
Project("{2150E333-8FDC-42A3-9474-1A3956D46DE8}") = "Libraries", "Libraries", "{51128534-7703-4515-ABD0-53D362A6D954}"
	ProjectSection(SolutionItems) = preProject
		Libraries\!Important.txt = Libraries\!Important.txt
	EndProjectSection
EndProject
Project("{FAE04EC0-301F-11D3-BF4B-00C04F79EFBC}") = "Minq.Sitecore", "Minq.Sitecore\Minq.Sitecore.csproj", "{A9E176E6-CE0E-4EFA-90B0-F08BD453DC23}"
EndProject
Project("{2150E333-8FDC-42A3-9474-1A3956D46DE8}") = "Nuspec", "Nuspec", "{1E585D9F-CC23-4F4C-B4A6-2BB9C27824B1}"
	ProjectSection(SolutionItems) = preProject
		Nuspec\Minq.Mocks.nuspec = Nuspec\Minq.Mocks.nuspec
		Nuspec\Minq.nuspec = Nuspec\Minq.nuspec
	EndProjectSection
EndProject
Project("{FAE04EC0-301F-11D3-BF4B-00C04F79EFBC}") = "Minq.Caching", "Minq.Caching\Minq.Caching.csproj", "{E8B85D0F-0C5A-4913-86A0-50D2B62420C0}"
EndProject
Global
	GlobalSection(SolutionConfigurationPlatforms) = preSolution
		Debug|Any CPU = Debug|Any CPU
		Debug|Mixed Platforms = Debug|Mixed Platforms
		Debug|Win32 = Debug|Win32
		Release|Any CPU = Release|Any CPU
		Release|Mixed Platforms = Release|Mixed Platforms
		Release|Win32 = Release|Win32
	EndGlobalSection
	GlobalSection(ProjectConfigurationPlatforms) = postSolution
		{27AC3952-1D8A-420D-AE23-CC49A39B83F8}.Debug|Any CPU.ActiveCfg = Debug|Any CPU
		{27AC3952-1D8A-420D-AE23-CC49A39B83F8}.Debug|Any CPU.Build.0 = Debug|Any CPU
		{27AC3952-1D8A-420D-AE23-CC49A39B83F8}.Debug|Mixed Platforms.ActiveCfg = Debug|Any CPU
		{27AC3952-1D8A-420D-AE23-CC49A39B83F8}.Debug|Mixed Platforms.Build.0 = Debug|Any CPU
		{27AC3952-1D8A-420D-AE23-CC49A39B83F8}.Debug|Win32.ActiveCfg = Debug|Any CPU
		{27AC3952-1D8A-420D-AE23-CC49A39B83F8}.Debug|Win32.Build.0 = Debug|Any CPU
		{27AC3952-1D8A-420D-AE23-CC49A39B83F8}.Release|Any CPU.ActiveCfg = Release|Any CPU
		{27AC3952-1D8A-420D-AE23-CC49A39B83F8}.Release|Any CPU.Build.0 = Release|Any CPU
		{27AC3952-1D8A-420D-AE23-CC49A39B83F8}.Release|Mixed Platforms.ActiveCfg = Release|Any CPU
		{27AC3952-1D8A-420D-AE23-CC49A39B83F8}.Release|Mixed Platforms.Build.0 = Release|Any CPU
		{27AC3952-1D8A-420D-AE23-CC49A39B83F8}.Release|Win32.ActiveCfg = Release|Any CPU
		{27AC3952-1D8A-420D-AE23-CC49A39B83F8}.Release|Win32.Build.0 = Release|Any CPU
		{96CF3D37-34F1-4862-9D16-E3D0E0440EF1}.Debug|Any CPU.ActiveCfg = Debug|Any CPU
		{96CF3D37-34F1-4862-9D16-E3D0E0440EF1}.Debug|Any CPU.Build.0 = Debug|Any CPU
		{96CF3D37-34F1-4862-9D16-E3D0E0440EF1}.Debug|Mixed Platforms.ActiveCfg = Debug|Any CPU
		{96CF3D37-34F1-4862-9D16-E3D0E0440EF1}.Debug|Mixed Platforms.Build.0 = Debug|Any CPU
		{96CF3D37-34F1-4862-9D16-E3D0E0440EF1}.Debug|Win32.ActiveCfg = Debug|Any CPU
		{96CF3D37-34F1-4862-9D16-E3D0E0440EF1}.Debug|Win32.Build.0 = Debug|Any CPU
		{96CF3D37-34F1-4862-9D16-E3D0E0440EF1}.Release|Any CPU.ActiveCfg = Release|Any CPU
		{96CF3D37-34F1-4862-9D16-E3D0E0440EF1}.Release|Any CPU.Build.0 = Release|Any CPU
		{96CF3D37-34F1-4862-9D16-E3D0E0440EF1}.Release|Mixed Platforms.ActiveCfg = Release|Any CPU
		{96CF3D37-34F1-4862-9D16-E3D0E0440EF1}.Release|Mixed Platforms.Build.0 = Release|Any CPU
		{96CF3D37-34F1-4862-9D16-E3D0E0440EF1}.Release|Win32.ActiveCfg = Release|Any CPU
		{96CF3D37-34F1-4862-9D16-E3D0E0440EF1}.Release|Win32.Build.0 = Release|Any CPU
		{E2B8E03C-CFD9-4D10-B4EE-DC88EA845C7D}.Debug|Any CPU.ActiveCfg = Debug|Any CPU
		{E2B8E03C-CFD9-4D10-B4EE-DC88EA845C7D}.Debug|Any CPU.Build.0 = Debug|Any CPU
		{E2B8E03C-CFD9-4D10-B4EE-DC88EA845C7D}.Debug|Mixed Platforms.ActiveCfg = Debug|Any CPU
		{E2B8E03C-CFD9-4D10-B4EE-DC88EA845C7D}.Debug|Mixed Platforms.Build.0 = Debug|Any CPU
		{E2B8E03C-CFD9-4D10-B4EE-DC88EA845C7D}.Debug|Win32.ActiveCfg = Debug|Any CPU
		{E2B8E03C-CFD9-4D10-B4EE-DC88EA845C7D}.Debug|Win32.Build.0 = Debug|Any CPU
		{E2B8E03C-CFD9-4D10-B4EE-DC88EA845C7D}.Release|Any CPU.ActiveCfg = Release|Any CPU
		{E2B8E03C-CFD9-4D10-B4EE-DC88EA845C7D}.Release|Any CPU.Build.0 = Release|Any CPU
		{E2B8E03C-CFD9-4D10-B4EE-DC88EA845C7D}.Release|Mixed Platforms.ActiveCfg = Release|Any CPU
		{E2B8E03C-CFD9-4D10-B4EE-DC88EA845C7D}.Release|Mixed Platforms.Build.0 = Release|Any CPU
		{E2B8E03C-CFD9-4D10-B4EE-DC88EA845C7D}.Release|Win32.ActiveCfg = Release|Any CPU
		{E2B8E03C-CFD9-4D10-B4EE-DC88EA845C7D}.Release|Win32.Build.0 = Release|Any CPU
		{A9E176E6-CE0E-4EFA-90B0-F08BD453DC23}.Debug|Any CPU.ActiveCfg = Debug|Any CPU
		{A9E176E6-CE0E-4EFA-90B0-F08BD453DC23}.Debug|Any CPU.Build.0 = Debug|Any CPU
		{A9E176E6-CE0E-4EFA-90B0-F08BD453DC23}.Debug|Mixed Platforms.ActiveCfg = Debug|Any CPU
		{A9E176E6-CE0E-4EFA-90B0-F08BD453DC23}.Debug|Mixed Platforms.Build.0 = Debug|Any CPU
		{A9E176E6-CE0E-4EFA-90B0-F08BD453DC23}.Debug|Win32.ActiveCfg = Debug|Any CPU
		{A9E176E6-CE0E-4EFA-90B0-F08BD453DC23}.Debug|Win32.Build.0 = Debug|Any CPU
		{A9E176E6-CE0E-4EFA-90B0-F08BD453DC23}.Release|Any CPU.ActiveCfg = Release|Any CPU
		{A9E176E6-CE0E-4EFA-90B0-F08BD453DC23}.Release|Any CPU.Build.0 = Release|Any CPU
		{A9E176E6-CE0E-4EFA-90B0-F08BD453DC23}.Release|Mixed Platforms.ActiveCfg = Release|Any CPU
		{A9E176E6-CE0E-4EFA-90B0-F08BD453DC23}.Release|Mixed Platforms.Build.0 = Release|Any CPU
		{A9E176E6-CE0E-4EFA-90B0-F08BD453DC23}.Release|Win32.ActiveCfg = Release|Any CPU
		{A9E176E6-CE0E-4EFA-90B0-F08BD453DC23}.Release|Win32.Build.0 = Release|Any CPU
		{E8B85D0F-0C5A-4913-86A0-50D2B62420C0}.Debug|Any CPU.ActiveCfg = Debug|Any CPU
		{E8B85D0F-0C5A-4913-86A0-50D2B62420C0}.Debug|Any CPU.Build.0 = Debug|Any CPU
		{E8B85D0F-0C5A-4913-86A0-50D2B62420C0}.Debug|Mixed Platforms.ActiveCfg = Debug|Any CPU
		{E8B85D0F-0C5A-4913-86A0-50D2B62420C0}.Debug|Mixed Platforms.Build.0 = Debug|Any CPU
		{E8B85D0F-0C5A-4913-86A0-50D2B62420C0}.Debug|Win32.ActiveCfg = Debug|Any CPU
		{E8B85D0F-0C5A-4913-86A0-50D2B62420C0}.Debug|Win32.Build.0 = Debug|Any CPU
		{E8B85D0F-0C5A-4913-86A0-50D2B62420C0}.Release|Any CPU.ActiveCfg = Release|Any CPU
		{E8B85D0F-0C5A-4913-86A0-50D2B62420C0}.Release|Any CPU.Build.0 = Release|Any CPU
		{E8B85D0F-0C5A-4913-86A0-50D2B62420C0}.Release|Mixed Platforms.ActiveCfg = Release|Any CPU
		{E8B85D0F-0C5A-4913-86A0-50D2B62420C0}.Release|Mixed Platforms.Build.0 = Release|Any CPU
		{E8B85D0F-0C5A-4913-86A0-50D2B62420C0}.Release|Win32.ActiveCfg = Release|Any CPU
		{E8B85D0F-0C5A-4913-86A0-50D2B62420C0}.Release|Win32.Build.0 = Release|Any CPU
	EndGlobalSection
	GlobalSection(SolutionProperties) = preSolution
		HideSolutionNode = FALSE
	EndGlobalSection
EndGlobal
